
Microsoft Visual Studio Solution File, Format Version 12.00
# Visual Studio Version 16
VisualStudioVersion = 16.0.30804.86
MinimumVisualStudioVersion = 10.0.40219.1
Project("{FAE04EC0-301F-11D3-BF4B-00C04F79EFBC}") = "ConsoleApp9", "ConsoleApp9\ConsoleApp9.csproj", "{DC8CC000-77BF-4334-9185-BC2B5DBEC1B0}"
EndProject
Global
	GlobalSection(SolutionConfigurationPlatforms) = preSolution
		Debug|Any CPU = Debug|Any CPU
		Release|Any CPU = Release|Any CPU
	EndGlobalSection
	GlobalSection(ProjectConfigurationPlatforms) = postSolution
		{DC8CC000-77BF-4334-9185-BC2B5DBEC1B0}.Debug|Any CPU.ActiveCfg = Debug|Any CPU
		{DC8CC000-77BF-4334-9185-BC2B5DBEC1B0}.Debug|Any CPU.Build.0 = Debug|Any CPU
		{DC8CC000-77BF-4334-9185-BC2B5DBEC1B0}.Release|Any CPU.ActiveCfg = Release|Any CPU
		{DC8CC000-77BF-4334-9185-BC2B5DBEC1B0}.Release|Any CPU.Build.0 = Release|Any CPU
	EndGlobalSection
	GlobalSection(SolutionProperties) = preSolution
		HideSolutionNode = FALSE
	EndGlobalSection
	GlobalSection(ExtensibilityGlobals) = postSolution
		SolutionGuid = {8EA7EC36-9F3C-4309-BAF1-04D060469A93}
	EndGlobalSection
EndGlobal
